
Microsoft Visual Studio Solution File, Format Version 12.00
Project("{FAE04EC0-301F-11D3-BF4B-00C04F79EFBC}") = "lab_work_1", "lab_work_1\lab_work_1.csproj", "{CE0FB4BE-5A55-4475-8010-C0EB36BDD314}"
EndProject
Project("{FAE04EC0-301F-11D3-BF4B-00C04F79EFBC}") = "lab_work_2", "lab_work_2\lab_work_2.csproj", "{E8F1A438-8743-498B-AF19-FFD00175F046}"
EndProject
Project("{FAE04EC0-301F-11D3-BF4B-00C04F79EFBC}") = "lab_work_3", "lab_work_3\lab_work_3.csproj", "{9AF5E656-921E-49BF-820C-647875FADE79}"
EndProject
Project("{FAE04EC0-301F-11D3-BF4B-00C04F79EFBC}") = "lab_work_4", "lab_work_4\lab_work_4.csproj", "{FB9ACB42-FA2B-46A8-B14A-A977A15C0BC0}"
EndProject
Project("{FAE04EC0-301F-11D3-BF4B-00C04F79EFBC}") = "lab_work_5", "lab_work_5\lab_work_5.csproj", "{73A74F48-7ABB-4E7D-813A-3CC80911A40E}"
EndProject
Project("{FAE04EC0-301F-11D3-BF4B-00C04F79EFBC}") = "lab_work_6", "lab_work_6\lab_work_6.csproj", "{9D5160CA-4009-4DF7-AC0F-11E6A345C17E}"
EndProject
Project("{FAE04EC0-301F-11D3-BF4B-00C04F79EFBC}") = "lab_work_7", "lab_work_7\lab_work_7.csproj", "{BC384ED8-845A-42CE-8006-589EBA81E0A7}"
EndProject
Project("{FAE04EC0-301F-11D3-BF4B-00C04F79EFBC}") = "lab_work_7_func_module", "lab_work_7_func_module\lab_work_7_func_module.csproj", "{44C2E01D-8D3C-4E2D-B3E2-67400A65A575}"
EndProject
Global
	GlobalSection(SolutionConfigurationPlatforms) = preSolution
		Debug|Any CPU = Debug|Any CPU
		Release|Any CPU = Release|Any CPU
	EndGlobalSection
	GlobalSection(ProjectConfigurationPlatforms) = postSolution
		{CE0FB4BE-5A55-4475-8010-C0EB36BDD314}.Debug|Any CPU.ActiveCfg = Debug|Any CPU
		{CE0FB4BE-5A55-4475-8010-C0EB36BDD314}.Debug|Any CPU.Build.0 = Debug|Any CPU
		{CE0FB4BE-5A55-4475-8010-C0EB36BDD314}.Release|Any CPU.ActiveCfg = Release|Any CPU
		{CE0FB4BE-5A55-4475-8010-C0EB36BDD314}.Release|Any CPU.Build.0 = Release|Any CPU
		{E8F1A438-8743-498B-AF19-FFD00175F046}.Debug|Any CPU.ActiveCfg = Debug|Any CPU
		{E8F1A438-8743-498B-AF19-FFD00175F046}.Debug|Any CPU.Build.0 = Debug|Any CPU
		{E8F1A438-8743-498B-AF19-FFD00175F046}.Release|Any CPU.ActiveCfg = Release|Any CPU
		{E8F1A438-8743-498B-AF19-FFD00175F046}.Release|Any CPU.Build.0 = Release|Any CPU
		{9AF5E656-921E-49BF-820C-647875FADE79}.Debug|Any CPU.ActiveCfg = Debug|Any CPU
		{9AF5E656-921E-49BF-820C-647875FADE79}.Debug|Any CPU.Build.0 = Debug|Any CPU
		{9AF5E656-921E-49BF-820C-647875FADE79}.Release|Any CPU.ActiveCfg = Release|Any CPU
		{9AF5E656-921E-49BF-820C-647875FADE79}.Release|Any CPU.Build.0 = Release|Any CPU
		{FB9ACB42-FA2B-46A8-B14A-A977A15C0BC0}.Debug|Any CPU.ActiveCfg = Debug|Any CPU
		{FB9ACB42-FA2B-46A8-B14A-A977A15C0BC0}.Debug|Any CPU.Build.0 = Debug|Any CPU
		{FB9ACB42-FA2B-46A8-B14A-A977A15C0BC0}.Release|Any CPU.ActiveCfg = Release|Any CPU
		{FB9ACB42-FA2B-46A8-B14A-A977A15C0BC0}.Release|Any CPU.Build.0 = Release|Any CPU
		{73A74F48-7ABB-4E7D-813A-3CC80911A40E}.Debug|Any CPU.ActiveCfg = Debug|Any CPU
		{73A74F48-7ABB-4E7D-813A-3CC80911A40E}.Debug|Any CPU.Build.0 = Debug|Any CPU
		{73A74F48-7ABB-4E7D-813A-3CC80911A40E}.Release|Any CPU.ActiveCfg = Release|Any CPU
		{73A74F48-7ABB-4E7D-813A-3CC80911A40E}.Release|Any CPU.Build.0 = Release|Any CPU
		{9D5160CA-4009-4DF7-AC0F-11E6A345C17E}.Debug|Any CPU.ActiveCfg = Debug|Any CPU
		{9D5160CA-4009-4DF7-AC0F-11E6A345C17E}.Debug|Any CPU.Build.0 = Debug|Any CPU
		{9D5160CA-4009-4DF7-AC0F-11E6A345C17E}.Release|Any CPU.ActiveCfg = Release|Any CPU
		{9D5160CA-4009-4DF7-AC0F-11E6A345C17E}.Release|Any CPU.Build.0 = Release|Any CPU
		{BC384ED8-845A-42CE-8006-589EBA81E0A7}.Debug|Any CPU.ActiveCfg = Debug|Any CPU
		{BC384ED8-845A-42CE-8006-589EBA81E0A7}.Debug|Any CPU.Build.0 = Debug|Any CPU
		{BC384ED8-845A-42CE-8006-589EBA81E0A7}.Release|Any CPU.ActiveCfg = Release|Any CPU
		{BC384ED8-845A-42CE-8006-589EBA81E0A7}.Release|Any CPU.Build.0 = Release|Any CPU
		{44C2E01D-8D3C-4E2D-B3E2-67400A65A575}.Debug|Any CPU.ActiveCfg = Debug|Any CPU
		{44C2E01D-8D3C-4E2D-B3E2-67400A65A575}.Debug|Any CPU.Build.0 = Debug|Any CPU
		{44C2E01D-8D3C-4E2D-B3E2-67400A65A575}.Release|Any CPU.ActiveCfg = Release|Any CPU
		{44C2E01D-8D3C-4E2D-B3E2-67400A65A575}.Release|Any CPU.Build.0 = Release|Any CPU
	EndGlobalSection
EndGlobal
